
Microsoft Visual Studio Solution File, Format Version 12.00
# Visual Studio 15
VisualStudioVersion = 15.0.26430.6
MinimumVisualStudioVersion = 10.0.40219.1
Project("{FAE04EC0-301F-11D3-BF4B-00C04F79EFBC}") = "SPTransferSpeed", "src\SPTransferSpeed\SPTransferSpeed.csproj", "{CF125C6D-FFBF-4001-BDAA-DB3496469229}"
EndProject
Project("{F2A71F9B-5D33-465A-A702-920D77279786}") = "SPReports", "src\SPReports\SPReports.fsproj", "{E1ACB747-9740-4008-B11A-B2B5424639E8}"
EndProject
Project("{2150E333-8FDC-42A3-9474-1A3956D46DE8}") = "SolutionItems", "SolutionItems", "{117DCA9D-AAA8-497F-AEFF-8B72E1DCBF2C}"
	ProjectSection(SolutionItems) = preProject
		LICENSE = LICENSE
		README.md = README.md
	EndProjectSection
EndProject
Project("{FAE04EC0-301F-11D3-BF4B-00C04F79EFBC}") = "SPAccessMethodLatency", "src\SPAccessMethodLatency\SPAccessMethodLatency.csproj", "{95787CD5-8B10-40B0-B53E-D5929C03D133}"
EndProject
Project("{FAE04EC0-301F-11D3-BF4B-00C04F79EFBC}") = "SPSearchIndexLatency", "src\SPSearchIndexLatency\SPSearchIndexLatency.csproj", "{970323F6-EB6D-4E0D-8DB3-F722A1C272AA}"
EndProject
Project("{F2A71F9B-5D33-465A-A702-920D77279786}") = "SPDatabaseInspector", "src\SPDatabaseInspector\SPDatabaseInspector.fsproj", "{1171E69E-5E19-475E-93C3-F6DDCC49F480}"
EndProject
Project("{FAE04EC0-301F-11D3-BF4B-00C04F79EFBC}") = "SPWorkflowLatency", "src\SPWorkflowLatency\SPWorkflowLatency.csproj", "{2832D3E0-6D99-4805-80F0-BD3F07C77326}"
EndProject
Project("{F2A71F9B-5D33-465A-A702-920D77279786}") = "SPAddInsAutomation", "src\SPAddInsAutomation\SPAddInsAutomation.fsproj", "{EC73CAA1-4202-42AA-A422-673A662A98F6}"
EndProject
Global
	GlobalSection(SolutionConfigurationPlatforms) = preSolution
		Debug|Any CPU = Debug|Any CPU
		Release|Any CPU = Release|Any CPU
	EndGlobalSection
	GlobalSection(ProjectConfigurationPlatforms) = postSolution
		{CF125C6D-FFBF-4001-BDAA-DB3496469229}.Debug|Any CPU.ActiveCfg = Debug|Any CPU
		{CF125C6D-FFBF-4001-BDAA-DB3496469229}.Debug|Any CPU.Build.0 = Debug|Any CPU
		{CF125C6D-FFBF-4001-BDAA-DB3496469229}.Release|Any CPU.ActiveCfg = Release|Any CPU
		{CF125C6D-FFBF-4001-BDAA-DB3496469229}.Release|Any CPU.Build.0 = Release|Any CPU
		{E1ACB747-9740-4008-B11A-B2B5424639E8}.Debug|Any CPU.ActiveCfg = Debug|Any CPU
		{E1ACB747-9740-4008-B11A-B2B5424639E8}.Debug|Any CPU.Build.0 = Debug|Any CPU
		{E1ACB747-9740-4008-B11A-B2B5424639E8}.Release|Any CPU.ActiveCfg = Release|Any CPU
		{E1ACB747-9740-4008-B11A-B2B5424639E8}.Release|Any CPU.Build.0 = Release|Any CPU
		{95787CD5-8B10-40B0-B53E-D5929C03D133}.Debug|Any CPU.ActiveCfg = Debug|Any CPU
		{95787CD5-8B10-40B0-B53E-D5929C03D133}.Debug|Any CPU.Build.0 = Debug|Any CPU
		{95787CD5-8B10-40B0-B53E-D5929C03D133}.Release|Any CPU.ActiveCfg = Release|Any CPU
		{95787CD5-8B10-40B0-B53E-D5929C03D133}.Release|Any CPU.Build.0 = Release|Any CPU
		{970323F6-EB6D-4E0D-8DB3-F722A1C272AA}.Debug|Any CPU.ActiveCfg = Debug|Any CPU
		{970323F6-EB6D-4E0D-8DB3-F722A1C272AA}.Debug|Any CPU.Build.0 = Debug|Any CPU
		{970323F6-EB6D-4E0D-8DB3-F722A1C272AA}.Release|Any CPU.ActiveCfg = Release|Any CPU
		{970323F6-EB6D-4E0D-8DB3-F722A1C272AA}.Release|Any CPU.Build.0 = Release|Any CPU
		{1171E69E-5E19-475E-93C3-F6DDCC49F480}.Debug|Any CPU.ActiveCfg = Debug|Any CPU
		{1171E69E-5E19-475E-93C3-F6DDCC49F480}.Debug|Any CPU.Build.0 = Debug|Any CPU
		{1171E69E-5E19-475E-93C3-F6DDCC49F480}.Release|Any CPU.ActiveCfg = Release|Any CPU
		{1171E69E-5E19-475E-93C3-F6DDCC49F480}.Release|Any CPU.Build.0 = Release|Any CPU
		{2832D3E0-6D99-4805-80F0-BD3F07C77326}.Debug|Any CPU.ActiveCfg = Debug|Any CPU
		{2832D3E0-6D99-4805-80F0-BD3F07C77326}.Debug|Any CPU.Build.0 = Debug|Any CPU
		{2832D3E0-6D99-4805-80F0-BD3F07C77326}.Release|Any CPU.ActiveCfg = Release|Any CPU
		{2832D3E0-6D99-4805-80F0-BD3F07C77326}.Release|Any CPU.Build.0 = Release|Any CPU
		{EC73CAA1-4202-42AA-A422-673A662A98F6}.Debug|Any CPU.ActiveCfg = Debug|Any CPU
		{EC73CAA1-4202-42AA-A422-673A662A98F6}.Debug|Any CPU.Build.0 = Debug|Any CPU
		{EC73CAA1-4202-42AA-A422-673A662A98F6}.Release|Any CPU.ActiveCfg = Release|Any CPU
		{EC73CAA1-4202-42AA-A422-673A662A98F6}.Release|Any CPU.Build.0 = Release|Any CPU
	EndGlobalSection
	GlobalSection(SolutionProperties) = preSolution
		HideSolutionNode = FALSE
	EndGlobalSection
EndGlobal
